
Microsoft Visual Studio Solution File, Format Version 12.00
# Visual Studio Version 17
VisualStudioVersion = 17.14.36518.9
MinimumVisualStudioVersion = 10.0.40219.1
Project("{FAE04EC0-301F-11D3-BF4B-00C04F79EFBC}") = "SensorApp.Backend", "Backend\SensorApp.Backend.csproj", "{52C63F22-7E66-DD79-EA4B-E2E2142D0EDB}"
EndProject
Project("{FAE04EC0-301F-11D3-BF4B-00C04F79EFBC}") = "SensorApp.Frontend", "Frontend\SensorApp.Frontend.csproj", "{1042E37D-FBF4-D201-C1FA-B36E497CE805}"
EndProject
Global
	GlobalSection(SolutionConfigurationPlatforms) = preSolution
		Debug|Any CPU = Debug|Any CPU
		Release|Any CPU = Release|Any CPU
	EndGlobalSection
	GlobalSection(ProjectConfigurationPlatforms) = postSolution
		{52C63F22-7E66-DD79-EA4B-E2E2142D0EDB}.Debug|Any CPU.ActiveCfg = Debug|Any CPU
		{52C63F22-7E66-DD79-EA4B-E2E2142D0EDB}.Debug|Any CPU.Build.0 = Debug|Any CPU
		{52C63F22-7E66-DD79-EA4B-E2E2142D0EDB}.Release|Any CPU.ActiveCfg = Release|Any CPU
		{52C63F22-7E66-DD79-EA4B-E2E2142D0EDB}.Release|Any CPU.Build.0 = Release|Any CPU
		{1042E37D-FBF4-D201-C1FA-B36E497CE805}.Debug|Any CPU.ActiveCfg = Debug|Any CPU
		{1042E37D-FBF4-D201-C1FA-B36E497CE805}.Debug|Any CPU.Build.0 = Debug|Any CPU
		{1042E37D-FBF4-D201-C1FA-B36E497CE805}.Release|Any CPU.ActiveCfg = Release|Any CPU
		{1042E37D-FBF4-D201-C1FA-B36E497CE805}.Release|Any CPU.Build.0 = Release|Any CPU
	EndGlobalSection
	GlobalSection(SolutionProperties) = preSolution
		HideSolutionNode = FALSE
	EndGlobalSection
	GlobalSection(ExtensibilityGlobals) = postSolution
		SolutionGuid = {7F13C3A5-6703-439D-A5C2-786C8874642A}
	EndGlobalSection
EndGlobal
